PODS:
  - UICurrencyTextField (1.0.1)

DEPENDENCIES:
  - UICurrencyTextField (from `../`)

EXTERNAL SOURCES:
  UICurrencyTextField:
    :path: "../"

SPEC CHECKSUMS:
  UICurrencyTextField: 8476931d2cfa4b3e53ba1cdbad257ea49acb397f

PODFILE CHECKSUM: 565dc438730e2dbd1706b909c3128a397cac3f81

COCOAPODS: 1.5.3
