PODS:
  - CurrencyText (2.0.3):
    - CurrencyText/Formatter (= 2.0.3)
  - CurrencyText/Formatter (2.0.3)

DEPENDENCIES:
  - CurrencyText (from `../`)

EXTERNAL SOURCES:
  CurrencyText:
    :path: "../"

SPEC CHECKSUMS:
  CurrencyText: e30be388b42841f468c69ed75fa7ade767306744

PODFILE CHECKSUM: 71330e76132253e9a3dde45c04bda457de089da1

COCOAPODS: 1.7.3
