PODS:
  - CurrencyText (2.1.1):
    - CurrencyText/CurrencyFormatter (= 2.1.1)
    - CurrencyText/CurrencyUITextField (= 2.1.1)
  - CurrencyText/CurrencyFormatter (2.1.1)
  - CurrencyText/CurrencyUITextField (2.1.1):
    - CurrencyText/CurrencyFormatter

DEPENDENCIES:
  - CurrencyText (from `../`)

EXTERNAL SOURCES:
  CurrencyText:
    :path: "../"

SPEC CHECKSUMS:
  CurrencyText: aed7765973319e71f1c0128c5897ca3495e93539

PODFILE CHECKSUM: df4615e9ffd9b145be305d0646b76baa5210c056

COCOAPODS: 1.8.0
