// !$*UTF8*$!
{
	archiveVersion = 1;
	classes = {
	};
	objectVersion = 52;
	objects = {

/* Begin PBXBuildFile section */
		D54170DA209023D5008995D7 /* AppDelegate.swift in Sources */ = {isa = PBXBuildFile; fileRef = D54170D9209023D5008995D7 /* AppDelegate.swift */; };
		D54170DC209023D5008995D7 /* UIKitExampleViewController.swift in Sources */ = {isa = PBXBuildFile; fileRef = D54170DB209023D5008995D7 /* UIKitExampleViewController.swift */; };
		D54170E1209023D7008995D7 /* Assets.xcassets in Resources */ = {isa = PBXBuildFile; fileRef = D54170E0209023D7008995D7 /* Assets.xcassets */; };
		D54170E4209023D7008995D7 /* LaunchScreen.storyboard in Resources */ = {isa = PBXBuildFile; fileRef = D54170E2209023D7008995D7 /* LaunchScreen.storyboard */; };
		ED1BCD0D25FE9933006F6DCD /* SwiftUIExampleView.swift in Sources */ = {isa = PBXBuildFile; fileRef = ED1BCD0C25FE9933006F6DCD /* SwiftUIExampleView.swift */; };
		ED4F57202623914A00E7877F /* CurrencyFormatter in Frameworks */ = {isa = PBXBuildFile; productRef = ED4F571F2623914A00E7877F /* CurrencyFormatter */; };
		ED4F57222623914A00E7877F /* CurrencyText in Frameworks */ = {isa = PBXBuildFile; productRef = ED4F57212623914A00E7877F /* CurrencyText */; };
		ED4F57242623914A00E7877F /* CurrencyTextSwiftUI in Frameworks */ = {isa = PBXBuildFile; productRef = ED4F57232623914A00E7877F /* CurrencyTextSwiftUI */; };
		ED811552262C50D400F0E36E /* View+Extensions.swift in Sources */ = {isa = PBXBuildFile; fileRef = ED811551262C50D400F0E36E /* View+Extensions.swift */; };
		EDF86EB6261B57F400FD9D82 /* RootView.swift in Sources */ = {isa = PBXBuildFile; fileRef = EDF86EB5261B57F400FD9D82 /* RootView.swift */; };
		EDF86EBB261B5DA300FD9D82 /* UIKitExampleView.swift in Sources */ = {isa = PBXBuildFile; fileRef = EDF86EBA261B5DA300FD9D82 /* UIKitExampleView.swift */; };
/* End PBXBuildFile section */

/* Begin PBXFileReference section */
		D54170D9209023D5008995D7 /* AppDelegate.swift */ = {isa = PBXFileReference; lastKnownFileType = sourcecode.swift; path = AppDelegate.swift; sourceTree = "<group>"; };
		D54170DB209023D5008995D7 /* UIKitExampleViewController.swift */ = {isa = PBXFileReference; lastKnownFileType = sourcecode.swift; path = UIKitExampleViewController.swift; sourceTree = "<group>"; };
		D54170E0209023D7008995D7 /* Assets.xcassets */ = {isa = PBXFileReference; lastKnownFileType = folder.assetcatalog; path = Assets.xcassets; sourceTree = "<group>"; };
		D54170E3209023D7008995D7 /* Base */ = {isa = PBXFileReference; lastKnownFileType = file.storyboard; name = Base; path = Base.lproj/LaunchScreen.storyboard; sourceTree = "<group>"; };
		D54170E5209023D7008995D7 /* Info.plist */ = {isa = PBXFileReference; lastKnownFileType = text.plist.xml; path = Info.plist; sourceTree = "<group>"; };
		ED1BCD0C25FE9933006F6DCD /* SwiftUIExampleView.swift */ = {isa = PBXFileReference; lastKnownFileType = sourcecode.swift; path = SwiftUIExampleView.swift; sourceTree = "<group>"; };
		ED8115502629E44E00F0E36E /* Example.app */ = {isa = PBXFileReference; explicitFileType = wrapper.application; includeInIndex = 0; path = Example.app; sourceTree = BUILT_PRODUCTS_DIR; };
		ED811551262C50D400F0E36E /* View+Extensions.swift */ = {isa = PBXFileReference; lastKnownFileType = sourcecode.swift; path = "View+Extensions.swift"; sourceTree = "<group>"; };
		EDF86EB5261B57F400FD9D82 /* RootView.swift */ = {isa = PBXFileReference; lastKnownFileType = sourcecode.swift; path = RootView.swift; sourceTree = "<group>"; };
		EDF86EBA261B5DA300FD9D82 /* UIKitExampleView.swift */ = {isa = PBXFileReference; lastKnownFileType = sourcecode.swift; path = UIKitExampleView.swift; sourceTree = "<group>"; };
/* End PBXFileReference section */

/* Begin PBXFrameworksBuildPhase section */
		D54170D3209023D5008995D7 /* Frameworks */ = {
			isa = PBXFrameworksBuildPhase;
			buildActionMask = 2147483647;
			files = (
				ED4F57222623914A00E7877F /* CurrencyText in Frameworks */,
				ED4F57202623914A00E7877F /* CurrencyFormatter in Frameworks */,
				ED4F57242623914A00E7877F /* CurrencyTextSwiftUI in Frameworks */,
			);
			runOnlyForDeploymentPostprocessing = 0;
		};
/* End PBXFrameworksBuildPhase section */

/* Begin PBXGroup section */
		D54170CD209023D5008995D7 = {
			isa = PBXGroup;
			children = (
				D54170D8209023D5008995D7 /* Example */,
				ED8115502629E44E00F0E36E /* Example.app */,
			);
			sourceTree = "<group>";
		};
		D54170D8209023D5008995D7 /* Example */ = {
			isa = PBXGroup;
			children = (
				ED811555262C514B00F0E36E /* SwiftUI */,
				ED811554262C514600F0E36E /* UIKit */,
				D54170E5209023D7008995D7 /* Info.plist */,
				D54170D9209023D5008995D7 /* AppDelegate.swift */,
				EDF86EB5261B57F400FD9D82 /* RootView.swift */,
				D54170E0209023D7008995D7 /* Assets.xcassets */,
				D54170E2209023D7008995D7 /* LaunchScreen.storyboard */,
			);
			path = Example;
			sourceTree = "<group>";
		};
		ED811554262C514600F0E36E /* UIKit */ = {
			isa = PBXGroup;
			children = (
				EDF86EBA261B5DA300FD9D82 /* UIKitExampleView.swift */,
				D54170DB209023D5008995D7 /* UIKitExampleViewController.swift */,
			);
			path = UIKit;
			sourceTree = "<group>";
		};
		ED811555262C514B00F0E36E /* SwiftUI */ = {
			isa = PBXGroup;
			children = (
				ED1BCD0C25FE9933006F6DCD /* SwiftUIExampleView.swift */,
				ED811551262C50D400F0E36E /* View+Extensions.swift */,
			);
			path = SwiftUI;
			sourceTree = "<group>";
		};
/* End PBXGroup section */

/* Begin PBXNativeTarget section */
		D54170D5209023D5008995D7 /* Example */ = {
			isa = PBXNativeTarget;
			buildConfigurationList = D54170FE209023D8008995D7 /* Build configuration list for PBXNativeTarget "Example" */;
			buildPhases = (
				D54170D2209023D5008995D7 /* Sources */,
				D54170D3209023D5008995D7 /* Frameworks */,
				D54170D4209023D5008995D7 /* Resources */,
			);
			buildRules = (
			);
			dependencies = (
			);
			name = Example;
			packageProductDependencies = (
				ED4F571F2623914A00E7877F /* CurrencyFormatter */,
				ED4F57212623914A00E7877F /* CurrencyText */,
				ED4F57232623914A00E7877F /* CurrencyTextSwiftUI */,
			);
			productName = UICurrencyTextFieldDemo;
			productReference = ED8115502629E44E00F0E36E /* Example.app */;
			productType = "com.apple.product-type.application";
		};
/* End PBXNativeTarget section */

/* Begin PBXProject section */
		D54170CE209023D5008995D7 /* Project object */ = {
			isa = PBXProject;
			attributes = {
				LastSwiftUpdateCheck = 0930;
				LastUpgradeCheck = 1230;
				ORGANIZATIONNAME = "Felipe Lefèvre Marino";
				TargetAttributes = {
					D54170D5209023D5008995D7 = {
						CreatedOnToolsVersion = 9.3;
						LastSwiftMigration = 1020;
					};
				};
			};
			buildConfigurationList = D54170D1209023D5008995D7 /* Build configuration list for PBXProject "Example" */;
			compatibilityVersion = "Xcode 10.0";
			developmentRegion = en;
			hasScannedForEncodings = 0;
			knownRegions = (
				en,
				Base,
			);
			mainGroup = D54170CD209023D5008995D7;
			productRefGroup = D54170CD209023D5008995D7;
			projectDirPath = "";
			projectRoot = "";
			targets = (
				D54170D5209023D5008995D7 /* Example */,
			);
		};
/* End PBXProject section */

/* Begin PBXResourcesBuildPhase section */
		D54170D4209023D5008995D7 /* Resources */ = {
			isa = PBXResourcesBuildPhase;
			buildActionMask = 2147483647;
			files = (
				D54170E4209023D7008995D7 /* LaunchScreen.storyboard in Resources */,
				D54170E1209023D7008995D7 /* Assets.xcassets in Resources */,
			);
			runOnlyForDeploymentPostprocessing = 0;
		};
/* End PBXResourcesBuildPhase section */

/* Begin PBXSourcesBuildPhase section */
		D54170D2209023D5008995D7 /* Sources */ = {
			isa = PBXSourcesBuildPhase;
			buildActionMask = 2147483647;
			files = (
				D54170DC209023D5008995D7 /* UIKitExampleViewController.swift in Sources */,
				EDF86EBB261B5DA300FD9D82 /* UIKitExampleView.swift in Sources */,
				ED1BCD0D25FE9933006F6DCD /* SwiftUIExampleView.swift in Sources */,
				D54170DA209023D5008995D7 /* AppDelegate.swift in Sources */,
				ED811552262C50D400F0E36E /* View+Extensions.swift in Sources */,
				EDF86EB6261B57F400FD9D82 /* RootView.swift in Sources */,
			);
			runOnlyForDeploymentPostprocessing = 0;
		};
/* End PBXSourcesBuildPhase section */

/* Begin PBXVariantGroup section */
		D54170E2209023D7008995D7 /* LaunchScreen.storyboard */ = {
			isa = PBXVariantGroup;
			children = (
				D54170E3209023D7008995D7 /* Base */,
			);
			name = LaunchScreen.storyboard;
			sourceTree = "<group>";
		};
/* End PBXVariantGroup section */

/* Begin XCBuildConfiguration section */
		D54170FC209023D8008995D7 /* Debug */ = {
			isa = XCBuildConfiguration;
			buildSettings = {
				ALWAYS_SEARCH_USER_PATHS = NO;
				CLANG_ANALYZER_NONNULL = YES;
				CLANG_ANALYZER_NUMBER_OBJECT_CONVERSION = YES_AGGRESSIVE;
				CLANG_CXX_LANGUAGE_STANDARD = "gnu++14";
				CLANG_CXX_LIBRARY = "libc++";
				CLANG_ENABLE_MODULES = YES;
				CLANG_ENABLE_OBJC_ARC = YES;
				CLANG_ENABLE_OBJC_WEAK = YES;
				CLANG_WARN_BLOCK_CAPTURE_AUTORELEASING = YES;
				CLANG_WARN_BOOL_CONVERSION = YES;
				CLANG_WARN_COMMA = YES;
				CLANG_WARN_CONSTANT_CONVERSION = YES;
				CLANG_WARN_DEPRECATED_OBJC_IMPLEMENTATIONS = YES;
				CLANG_WARN_DIRECT_OBJC_ISA_USAGE = YES_ERROR;
				CLANG_WARN_DOCUMENTATION_COMMENTS = YES;
				CLANG_WARN_EMPTY_BODY = YES;
				CLANG_WARN_ENUM_CONVERSION = YES;
				CLANG_WARN_INFINITE_RECURSION = YES;
				CLANG_WARN_INT_CONVERSION = YES;
				CLANG_WARN_NON_LITERAL_NULL_CONVERSION = YES;
				CLANG_WARN_OBJC_IMPLICIT_RETAIN_SELF = YES;
				CLANG_WARN_OBJC_LITERAL_CONVERSION = YES;
				CLANG_WARN_OBJC_ROOT_CLASS = YES_ERROR;
				CLANG_WARN_QUOTED_INCLUDE_IN_FRAMEWORK_HEADER = YES;
				CLANG_WARN_RANGE_LOOP_ANALYSIS = YES;
				CLANG_WARN_STRICT_PROTOTYPES = YES;
				CLANG_WARN_SUSPICIOUS_MOVE = YES;
				CLANG_WARN_UNGUARDED_AVAILABILITY = YES_AGGRESSIVE;
				CLANG_WARN_UNREACHABLE_CODE = YES;
				CLANG_WARN__DUPLICATE_METHOD_MATCH = YES;
				CODE_SIGN_IDENTITY = "iPhone Developer";
				COPY_PHASE_STRIP = NO;
				DEBUG_INFORMATION_FORMAT = dwarf;
				ENABLE_STRICT_OBJC_MSGSEND = YES;
				ENABLE_TESTABILITY = YES;
				GCC_C_LANGUAGE_STANDARD = gnu11;
				GCC_DYNAMIC_NO_PIC = NO;
				GCC_NO_COMMON_BLOCKS = YES;
				GCC_OPTIMIZATION_LEVEL = 0;
				GCC_PREPROCESSOR_DEFINITIONS = (
					"DEBUG=1",
					"$(inherited)",
				);
				GCC_WARN_64_TO_32_BIT_CONVERSION = YES;
				GCC_WARN_ABOUT_RETURN_TYPE = YES_ERROR;
				GCC_WARN_UNDECLARED_SELECTOR = YES;
				GCC_WARN_UNINITIALIZED_AUTOS = YES_AGGRESSIVE;
				GCC_WARN_UNUSED_FUNCTION = YES;
				GCC_WARN_UNUSED_VARIABLE = YES;
				IPHONEOS_DEPLOYMENT_TARGET = 9.0;
				MTL_ENABLE_DEBUG_INFO = YES;
				ONLY_ACTIVE_ARCH = YES;
				SDKROOT = iphoneos;
				SWIFT_ACTIVE_COMPILATION_CONDITIONS = DEBUG;
				SWIFT_OPTIMIZATION_LEVEL = "-Onone";
				SWIFT_VERSION = 4.2;
			};
			name = Debug;
		};
		D54170FD209023D8008995D7 /* Release */ = {
			isa = XCBuildConfiguration;
			buildSettings = {
				ALWAYS_SEARCH_USER_PATHS = NO;
				CLANG_ANALYZER_NONNULL = YES;
				CLANG_ANALYZER_NUMBER_OBJECT_CONVERSION = YES_AGGRESSIVE;
				CLANG_CXX_LANGUAGE_STANDARD = "gnu++14";
				CLANG_CXX_LIBRARY = "libc++";
				CLANG_ENABLE_MODULES = YES;
				CLANG_ENABLE_OBJC_ARC = YES;
				CLANG_ENABLE_OBJC_WEAK = YES;
				CLANG_WARN_BLOCK_CAPTURE_AUTORELEASING = YES;
				CLANG_WARN_BOOL_CONVERSION = YES;
				CLANG_WARN_COMMA = YES;
				CLANG_WARN_CONSTANT_CONVERSION = YES;
				CLANG_WARN_DEPRECATED_OBJC_IMPLEMENTATIONS = YES;
				CLANG_WARN_DIRECT_OBJC_ISA_USAGE = YES_ERROR;
				CLANG_WARN_DOCUMENTATION_COMMENTS = YES;
				CLANG_WARN_EMPTY_BODY = YES;
				CLANG_WARN_ENUM_CONVERSION = YES;
				CLANG_WARN_INFINITE_RECURSION = YES;
				CLANG_WARN_INT_CONVERSION = YES;
				CLANG_WARN_NON_LITERAL_NULL_CONVERSION = YES;
				CLANG_WARN_OBJC_IMPLICIT_RETAIN_SELF = YES;
				CLANG_WARN_OBJC_LITERAL_CONVERSION = YES;
				CLANG_WARN_OBJC_ROOT_CLASS = YES_ERROR;
				CLANG_WARN_QUOTED_INCLUDE_IN_FRAMEWORK_HEADER = YES;
				CLANG_WARN_RANGE_LOOP_ANALYSIS = YES;
				CLANG_WARN_STRICT_PROTOTYPES = YES;
				CLANG_WARN_SUSPICIOUS_MOVE = YES;
				CLANG_WARN_UNGUARDED_AVAILABILITY = YES_AGGRESSIVE;
				CLANG_WARN_UNREACHABLE_CODE = YES;
				CLANG_WARN__DUPLICATE_METHOD_MATCH = YES;
				CODE_SIGN_IDENTITY = "iPhone Developer";
				COPY_PHASE_STRIP = NO;
				DEBUG_INFORMATION_FORMAT = "dwarf-with-dsym";
				ENABLE_NS_ASSERTIONS = NO;
				ENABLE_STRICT_OBJC_MSGSEND = YES;
				GCC_C_LANGUAGE_STANDARD = gnu11;
				GCC_NO_COMMON_BLOCKS = YES;
				GCC_WARN_64_TO_32_BIT_CONVERSION = YES;
				GCC_WARN_ABOUT_RETURN_TYPE = YES_ERROR;
				GCC_WARN_UNDECLARED_SELECTOR = YES;
				GCC_WARN_UNINITIALIZED_AUTOS = YES_AGGRESSIVE;
				GCC_WARN_UNUSED_FUNCTION = YES;
				GCC_WARN_UNUSED_VARIABLE = YES;
				IPHONEOS_DEPLOYMENT_TARGET = 9.0;
				MTL_ENABLE_DEBUG_INFO = NO;
				SDKROOT = iphoneos;
				SWIFT_COMPILATION_MODE = wholemodule;
				SWIFT_OPTIMIZATION_LEVEL = "-O";
				SWIFT_VERSION = 4.2;
				VALIDATE_PRODUCT = YES;
			};
			name = Release;
		};
		D54170FF209023D8008995D7 /* Debug */ = {
			isa = XCBuildConfiguration;
			buildSettings = {
				ASSETCATALOG_COMPILER_APPICON_NAME = AppIcon;
				CODE_SIGN_STYLE = Automatic;
				DEVELOPMENT_TEAM = X9MK4PBNUW;
				INFOPLIST_FILE = Example/Info.plist;
				IPHONEOS_DEPLOYMENT_TARGET = 14.0;
				LD_RUNPATH_SEARCH_PATHS = (
					"$(inherited)",
					"@executable_path/Frameworks",
				);
				PRODUCT_BUNDLE_IDENTIFIER = com.felipemarino.Example;
				PRODUCT_NAME = "$(TARGET_NAME)";
				SWIFT_VERSION = 5.0;
				TARGETED_DEVICE_FAMILY = "1,2";
			};
			name = Debug;
		};
		D5417100209023D8008995D7 /* Release */ = {
			isa = XCBuildConfiguration;
			buildSettings = {
				ASSETCATALOG_COMPILER_APPICON_NAME = AppIcon;
				CODE_SIGN_STYLE = Automatic;
				DEVELOPMENT_TEAM = X9MK4PBNUW;
				INFOPLIST_FILE = Example/Info.plist;
				IPHONEOS_DEPLOYMENT_TARGET = 14.0;
				LD_RUNPATH_SEARCH_PATHS = (
					"$(inherited)",
					"@executable_path/Frameworks",
				);
				PRODUCT_BUNDLE_IDENTIFIER = com.felipemarino.Example;
				PRODUCT_NAME = "$(TARGET_NAME)";
				SWIFT_VERSION = 5.0;
				TARGETED_DEVICE_FAMILY = "1,2";
			};
			name = Release;
		};
/* End XCBuildConfiguration section */

/* Begin XCConfigurationList section */
		D54170D1209023D5008995D7 /* Build configuration list for PBXProject "Example" */ = {
			isa = XCConfigurationList;
			buildConfigurations = (
				D54170FC209023D8008995D7 /* Debug */,
				D54170FD209023D8008995D7 /* Release */,
			);
			defaultConfigurationIsVisible = 0;
			defaultConfigurationName = Release;
		};
		D54170FE209023D8008995D7 /* Build configuration list for PBXNativeTarget "Example" */ = {
			isa = XCConfigurationList;
			buildConfigurations = (
				D54170FF209023D8008995D7 /* Debug */,
				D5417100209023D8008995D7 /* Release */,
			);
			defaultConfigurationIsVisible = 0;
			defaultConfigurationName = Release;
		};
/* End XCConfigurationList section */

/* Begin XCSwiftPackageProductDependency section */
		ED4F571F2623914A00E7877F /* CurrencyFormatter */ = {
			isa = XCSwiftPackageProductDependency;
			productName = CurrencyFormatter;
		};
		ED4F57212623914A00E7877F /* CurrencyText */ = {
			isa = XCSwiftPackageProductDependency;
			productName = CurrencyText;
		};
		ED4F57232623914A00E7877F /* CurrencyTextSwiftUI */ = {
			isa = XCSwiftPackageProductDependency;
			productName = CurrencyTextSwiftUI;
		};
/* End XCSwiftPackageProductDependency section */
	};
	rootObject = D54170CE209023D5008995D7 /* Project object */;
}
