// !$*UTF8*$!
{
	archiveVersion = 1;
	classes = {
	};
	objectVersion = 50;
	objects = {

/* Begin PBXBuildFile section */
		57ABA27D26F4551E7B456A73 /* Pods_CurrencyTextDemo.framework in Frameworks */ = {isa = PBXBuildFile; fileRef = 295B161C3FDB2EABA2DFE400 /* Pods_CurrencyTextDemo.framework */; };
		7088C864836E0EF9AF5BC50F /* Pods_CurrencyTextDemoTests.framework in Frameworks */ = {isa = PBXBuildFile; fileRef = 48495A1259B3322415BD803A /* Pods_CurrencyTextDemoTests.framework */; };
		D54170DA209023D5008995D7 /* AppDelegate.swift in Sources */ = {isa = PBXBuildFile; fileRef = D54170D9209023D5008995D7 /* AppDelegate.swift */; };
		D54170DC209023D5008995D7 /* ViewController.swift in Sources */ = {isa = PBXBuildFile; fileRef = D54170DB209023D5008995D7 /* ViewController.swift */; };
		D54170DF209023D5008995D7 /* Main.storyboard in Resources */ = {isa = PBXBuildFile; fileRef = D54170DD209023D5008995D7 /* Main.storyboard */; };
		D54170E1209023D7008995D7 /* Assets.xcassets in Resources */ = {isa = PBXBuildFile; fileRef = D54170E0209023D7008995D7 /* Assets.xcassets */; };
		D54170E4209023D7008995D7 /* LaunchScreen.storyboard in Resources */ = {isa = PBXBuildFile; fileRef = D54170E2209023D7008995D7 /* LaunchScreen.storyboard */; };
		D541710920902501008995D7 /* CurrencyTextFieldDelegateTests.swift in Sources */ = {isa = PBXBuildFile; fileRef = D541710720902501008995D7 /* CurrencyTextFieldDelegateTests.swift */; };
		D541710A20902501008995D7 /* StringTests.swift in Sources */ = {isa = PBXBuildFile; fileRef = D541710820902501008995D7 /* StringTests.swift */; };
		D54A412221D582C100281AD2 /* UITextFieldTests.swift in Sources */ = {isa = PBXBuildFile; fileRef = D54A412121D582C100281AD2 /* UITextFieldTests.swift */; };
		D54A412421D582CE00281AD2 /* NumberFormatterTests.swift in Sources */ = {isa = PBXBuildFile; fileRef = D54A412321D582CE00281AD2 /* NumberFormatterTests.swift */; };
		D54A412621D73FA500281AD2 /* UITextField.swift in Sources */ = {isa = PBXBuildFile; fileRef = D54A412521D73FA400281AD2 /* UITextField.swift */; };
		D56D7C242211D4830032F684 /* CurrencyFormatterTests.swift in Sources */ = {isa = PBXBuildFile; fileRef = D56D7C232211D4830032F684 /* CurrencyFormatterTests.swift */; };
/* End PBXBuildFile section */

/* Begin PBXContainerItemProxy section */
		D54170EB209023D8008995D7 /* PBXContainerItemProxy */ = {
			isa = PBXContainerItemProxy;
			containerPortal = D54170CE209023D5008995D7 /* Project object */;
			proxyType = 1;
			remoteGlobalIDString = D54170D5209023D5008995D7;
			remoteInfo = UICurrencyTextFieldDemo;
		};
/* End PBXContainerItemProxy section */

/* Begin PBXFileReference section */
		02D203C4D168C0D51B5C0DF5 /* Pods-UICurrencyTextFieldDemo.debug.xcconfig */ = {isa = PBXFileReference; includeInIndex = 1; lastKnownFileType = text.xcconfig; name = "Pods-UICurrencyTextFieldDemo.debug.xcconfig"; path = "Pods/Target Support Files/Pods-UICurrencyTextFieldDemo/Pods-UICurrencyTextFieldDemo.debug.xcconfig"; sourceTree = "<group>"; };
		12039CDC1FE49806CA5BA273 /* Pods_UICurrencyTextFieldDemoUITests.framework */ = {isa = PBXFileReference; explicitFileType = wrapper.framework; includeInIndex = 0; path = Pods_UICurrencyTextFieldDemoUITests.framework; sourceTree = BUILT_PRODUCTS_DIR; };
		25C73D36F34550D5020DE9FC /* Pods-CurrencyTextDemo.debug.xcconfig */ = {isa = PBXFileReference; includeInIndex = 1; lastKnownFileType = text.xcconfig; name = "Pods-CurrencyTextDemo.debug.xcconfig"; path = "Pods/Target Support Files/Pods-CurrencyTextDemo/Pods-CurrencyTextDemo.debug.xcconfig"; sourceTree = "<group>"; };
		295B161C3FDB2EABA2DFE400 /* Pods_CurrencyTextDemo.framework */ = {isa = PBXFileReference; explicitFileType = wrapper.framework; includeInIndex = 0; path = Pods_CurrencyTextDemo.framework; sourceTree = BUILT_PRODUCTS_DIR; };
		48495A1259B3322415BD803A /* Pods_CurrencyTextDemoTests.framework */ = {isa = PBXFileReference; explicitFileType = wrapper.framework; includeInIndex = 0; path = Pods_CurrencyTextDemoTests.framework; sourceTree = BUILT_PRODUCTS_DIR; };
		62FD8EA3D728967DE0E14BF2 /* Pods-CurrencyTextDemo.release.xcconfig */ = {isa = PBXFileReference; includeInIndex = 1; lastKnownFileType = text.xcconfig; name = "Pods-CurrencyTextDemo.release.xcconfig"; path = "Pods/Target Support Files/Pods-CurrencyTextDemo/Pods-CurrencyTextDemo.release.xcconfig"; sourceTree = "<group>"; };
		667F9E75F23304777B3C8F18 /* Pods-CurrencyTextDemoTests.debug.xcconfig */ = {isa = PBXFileReference; includeInIndex = 1; lastKnownFileType = text.xcconfig; name = "Pods-CurrencyTextDemoTests.debug.xcconfig"; path = "Pods/Target Support Files/Pods-CurrencyTextDemoTests/Pods-CurrencyTextDemoTests.debug.xcconfig"; sourceTree = "<group>"; };
		7C6BA045974D1D224BFCC5BE /* Pods-UICurrencyTextFieldDemoUITests.release.xcconfig */ = {isa = PBXFileReference; includeInIndex = 1; lastKnownFileType = text.xcconfig; name = "Pods-UICurrencyTextFieldDemoUITests.release.xcconfig"; path = "Pods/Target Support Files/Pods-UICurrencyTextFieldDemoUITests/Pods-UICurrencyTextFieldDemoUITests.release.xcconfig"; sourceTree = "<group>"; };
		7D0C11F975DE7306AA7DD88F /* Pods-UICurrencyTextFieldDemo.release.xcconfig */ = {isa = PBXFileReference; includeInIndex = 1; lastKnownFileType = text.xcconfig; name = "Pods-UICurrencyTextFieldDemo.release.xcconfig"; path = "Pods/Target Support Files/Pods-UICurrencyTextFieldDemo/Pods-UICurrencyTextFieldDemo.release.xcconfig"; sourceTree = "<group>"; };
		A1AAE1A3C0B9E1BF0F157FCD /* Pods-UICurrencyTextFieldDemoTests.release.xcconfig */ = {isa = PBXFileReference; includeInIndex = 1; lastKnownFileType = text.xcconfig; name = "Pods-UICurrencyTextFieldDemoTests.release.xcconfig"; path = "Pods/Target Support Files/Pods-UICurrencyTextFieldDemoTests/Pods-UICurrencyTextFieldDemoTests.release.xcconfig"; sourceTree = "<group>"; };
		C0A1E792CE0221D9555FCDCF /* Pods-CurrencyTextDemoTests.release.xcconfig */ = {isa = PBXFileReference; includeInIndex = 1; lastKnownFileType = text.xcconfig; name = "Pods-CurrencyTextDemoTests.release.xcconfig"; path = "Pods/Target Support Files/Pods-CurrencyTextDemoTests/Pods-CurrencyTextDemoTests.release.xcconfig"; sourceTree = "<group>"; };
		C10F3ED0340ED56D44F2DF30 /* Pods_UICurrencyTextFieldDemo.framework */ = {isa = PBXFileReference; explicitFileType = wrapper.framework; includeInIndex = 0; path = Pods_UICurrencyTextFieldDemo.framework; sourceTree = BUILT_PRODUCTS_DIR; };
		CE0EAAB19DCE5B2B1954FF55 /* Pods-UICurrencyTextFieldDemoTests.debug.xcconfig */ = {isa = PBXFileReference; includeInIndex = 1; lastKnownFileType = text.xcconfig; name = "Pods-UICurrencyTextFieldDemoTests.debug.xcconfig"; path = "Pods/Target Support Files/Pods-UICurrencyTextFieldDemoTests/Pods-UICurrencyTextFieldDemoTests.debug.xcconfig"; sourceTree = "<group>"; };
		D54170D6209023D5008995D7 /* CurrencyTextDemo.app */ = {isa = PBXFileReference; explicitFileType = wrapper.application; includeInIndex = 0; path = CurrencyTextDemo.app; sourceTree = BUILT_PRODUCTS_DIR; };
		D54170D9209023D5008995D7 /* AppDelegate.swift */ = {isa = PBXFileReference; lastKnownFileType = sourcecode.swift; path = AppDelegate.swift; sourceTree = "<group>"; };
		D54170DB209023D5008995D7 /* ViewController.swift */ = {isa = PBXFileReference; lastKnownFileType = sourcecode.swift; path = ViewController.swift; sourceTree = "<group>"; };
		D54170DE209023D5008995D7 /* Base */ = {isa = PBXFileReference; lastKnownFileType = file.storyboard; name = Base; path = Base.lproj/Main.storyboard; sourceTree = "<group>"; };
		D54170E0209023D7008995D7 /* Assets.xcassets */ = {isa = PBXFileReference; lastKnownFileType = folder.assetcatalog; path = Assets.xcassets; sourceTree = "<group>"; };
		D54170E3209023D7008995D7 /* Base */ = {isa = PBXFileReference; lastKnownFileType = file.storyboard; name = Base; path = Base.lproj/LaunchScreen.storyboard; sourceTree = "<group>"; };
		D54170E5209023D7008995D7 /* Info.plist */ = {isa = PBXFileReference; lastKnownFileType = text.plist.xml; path = Info.plist; sourceTree = "<group>"; };
		D54170EA209023D8008995D7 /* CurrencyTextDemoTests.xctest */ = {isa = PBXFileReference; explicitFileType = wrapper.cfbundle; includeInIndex = 0; path = CurrencyTextDemoTests.xctest; sourceTree = BUILT_PRODUCTS_DIR; };
		D54170F0209023D8008995D7 /* Info.plist */ = {isa = PBXFileReference; lastKnownFileType = text.plist.xml; path = Info.plist; sourceTree = "<group>"; };
		D541710720902501008995D7 /* CurrencyTextFieldDelegateTests.swift */ = {isa = PBXFileReference; fileEncoding = 4; lastKnownFileType = sourcecode.swift; path = CurrencyTextFieldDelegateTests.swift; sourceTree = "<group>"; };
		D541710820902501008995D7 /* StringTests.swift */ = {isa = PBXFileReference; fileEncoding = 4; lastKnownFileType = sourcecode.swift; path = StringTests.swift; sourceTree = "<group>"; };
		D54A412121D582C100281AD2 /* UITextFieldTests.swift */ = {isa = PBXFileReference; lastKnownFileType = sourcecode.swift; path = UITextFieldTests.swift; sourceTree = "<group>"; };
		D54A412321D582CE00281AD2 /* NumberFormatterTests.swift */ = {isa = PBXFileReference; lastKnownFileType = sourcecode.swift; path = NumberFormatterTests.swift; sourceTree = "<group>"; };
		D54A412521D73FA400281AD2 /* UITextField.swift */ = {isa = PBXFileReference; lastKnownFileType = sourcecode.swift; path = UITextField.swift; sourceTree = "<group>"; };
		D56D7C232211D4830032F684 /* CurrencyFormatterTests.swift */ = {isa = PBXFileReference; lastKnownFileType = sourcecode.swift; path = CurrencyFormatterTests.swift; sourceTree = "<group>"; };
		E4F22050D256031805B60D4D /* Pods_UICurrencyTextFieldDemoTests.framework */ = {isa = PBXFileReference; explicitFileType = wrapper.framework; includeInIndex = 0; path = Pods_UICurrencyTextFieldDemoTests.framework; sourceTree = BUILT_PRODUCTS_DIR; };
		F8703DCAE64198EF71A19574 /* Pods-UICurrencyTextFieldDemoUITests.debug.xcconfig */ = {isa = PBXFileReference; includeInIndex = 1; lastKnownFileType = text.xcconfig; name = "Pods-UICurrencyTextFieldDemoUITests.debug.xcconfig"; path = "Pods/Target Support Files/Pods-UICurrencyTextFieldDemoUITests/Pods-UICurrencyTextFieldDemoUITests.debug.xcconfig"; sourceTree = "<group>"; };
/* End PBXFileReference section */

/* Begin PBXFrameworksBuildPhase section */
		D54170D3209023D5008995D7 /* Frameworks */ = {
			isa = PBXFrameworksBuildPhase;
			buildActionMask = 2147483647;
			files = (
				57ABA27D26F4551E7B456A73 /* Pods_CurrencyTextDemo.framework in Frameworks */,
			);
			runOnlyForDeploymentPostprocessing = 0;
		};
		D54170E7209023D8008995D7 /* Frameworks */ = {
			isa = PBXFrameworksBuildPhase;
			buildActionMask = 2147483647;
			files = (
				7088C864836E0EF9AF5BC50F /* Pods_CurrencyTextDemoTests.framework in Frameworks */,
			);
			runOnlyForDeploymentPostprocessing = 0;
		};
/* End PBXFrameworksBuildPhase section */

/* Begin PBXGroup section */
		3169E90294EAB33F5096B874 /* Pods */ = {
			isa = PBXGroup;
			children = (
				02D203C4D168C0D51B5C0DF5 /* Pods-UICurrencyTextFieldDemo.debug.xcconfig */,
				7D0C11F975DE7306AA7DD88F /* Pods-UICurrencyTextFieldDemo.release.xcconfig */,
				CE0EAAB19DCE5B2B1954FF55 /* Pods-UICurrencyTextFieldDemoTests.debug.xcconfig */,
				A1AAE1A3C0B9E1BF0F157FCD /* Pods-UICurrencyTextFieldDemoTests.release.xcconfig */,
				F8703DCAE64198EF71A19574 /* Pods-UICurrencyTextFieldDemoUITests.debug.xcconfig */,
				7C6BA045974D1D224BFCC5BE /* Pods-UICurrencyTextFieldDemoUITests.release.xcconfig */,
				25C73D36F34550D5020DE9FC /* Pods-CurrencyTextDemo.debug.xcconfig */,
				62FD8EA3D728967DE0E14BF2 /* Pods-CurrencyTextDemo.release.xcconfig */,
				667F9E75F23304777B3C8F18 /* Pods-CurrencyTextDemoTests.debug.xcconfig */,
				C0A1E792CE0221D9555FCDCF /* Pods-CurrencyTextDemoTests.release.xcconfig */,
			);
			name = Pods;
			sourceTree = "<group>";
		};
		D54170CD209023D5008995D7 = {
			isa = PBXGroup;
			children = (
				D54170D8209023D5008995D7 /* CurrencyTextDemo */,
				D54170ED209023D8008995D7 /* CurrencyTextDemoTests */,
				D54170D7209023D5008995D7 /* Products */,
				3169E90294EAB33F5096B874 /* Pods */,
				F9651B99EFEEE70983347386 /* Frameworks */,
			);
			sourceTree = "<group>";
		};
		D54170D7209023D5008995D7 /* Products */ = {
			isa = PBXGroup;
			children = (
				D54170D6209023D5008995D7 /* CurrencyTextDemo.app */,
				D54170EA209023D8008995D7 /* CurrencyTextDemoTests.xctest */,
			);
			name = Products;
			sourceTree = "<group>";
		};
		D54170D8209023D5008995D7 /* CurrencyTextDemo */ = {
			isa = PBXGroup;
			children = (
				D54170D9209023D5008995D7 /* AppDelegate.swift */,
				D54170DB209023D5008995D7 /* ViewController.swift */,
				D54170DD209023D5008995D7 /* Main.storyboard */,
				D54170E0209023D7008995D7 /* Assets.xcassets */,
				D54170E2209023D7008995D7 /* LaunchScreen.storyboard */,
				D54170E5209023D7008995D7 /* Info.plist */,
			);
			path = CurrencyTextDemo;
			sourceTree = "<group>";
		};
		D54170ED209023D8008995D7 /* CurrencyTextDemoTests */ = {
			isa = PBXGroup;
			children = (
				D541710820902501008995D7 /* StringTests.swift */,
				D541710720902501008995D7 /* CurrencyTextFieldDelegateTests.swift */,
				D54A412121D582C100281AD2 /* UITextFieldTests.swift */,
				D54A412321D582CE00281AD2 /* NumberFormatterTests.swift */,
				D54A412521D73FA400281AD2 /* UITextField.swift */,
				D54170F0209023D8008995D7 /* Info.plist */,
				D56D7C232211D4830032F684 /* CurrencyFormatterTests.swift */,
			);
			path = CurrencyTextDemoTests;
			sourceTree = "<group>";
		};
		F9651B99EFEEE70983347386 /* Frameworks */ = {
			isa = PBXGroup;
			children = (
				C10F3ED0340ED56D44F2DF30 /* Pods_UICurrencyTextFieldDemo.framework */,
				E4F22050D256031805B60D4D /* Pods_UICurrencyTextFieldDemoTests.framework */,
				12039CDC1FE49806CA5BA273 /* Pods_UICurrencyTextFieldDemoUITests.framework */,
				295B161C3FDB2EABA2DFE400 /* Pods_CurrencyTextDemo.framework */,
				48495A1259B3322415BD803A /* Pods_CurrencyTextDemoTests.framework */,
			);
			name = Frameworks;
			sourceTree = "<group>";
		};
/* End PBXGroup section */

/* Begin PBXNativeTarget section */
		D54170D5209023D5008995D7 /* CurrencyTextDemo */ = {
			isa = PBXNativeTarget;
			buildConfigurationList = D54170FE209023D8008995D7 /* Build configuration list for PBXNativeTarget "CurrencyTextDemo" */;
			buildPhases = (
				AB55B4C7ED276D63C647F315 /* [CP] Check Pods Manifest.lock */,
				D54170D2209023D5008995D7 /* Sources */,
				D54170D3209023D5008995D7 /* Frameworks */,
				D54170D4209023D5008995D7 /* Resources */,
				191B0EEC670DDD8B2D0E4422 /* [CP] Embed Pods Frameworks */,
			);
			buildRules = (
			);
			dependencies = (
			);
			name = CurrencyTextDemo;
			productName = UICurrencyTextFieldDemo;
			productReference = D54170D6209023D5008995D7 /* CurrencyTextDemo.app */;
			productType = "com.apple.product-type.application";
		};
		D54170E9209023D8008995D7 /* CurrencyTextDemoTests */ = {
			isa = PBXNativeTarget;
			buildConfigurationList = D5417101209023D8008995D7 /* Build configuration list for PBXNativeTarget "CurrencyTextDemoTests" */;
			buildPhases = (
				65905C8D491C77806121AF87 /* [CP] Check Pods Manifest.lock */,
				D54170E6209023D8008995D7 /* Sources */,
				D54170E7209023D8008995D7 /* Frameworks */,
				D54170E8209023D8008995D7 /* Resources */,
			);
			buildRules = (
			);
			dependencies = (
				D54170EC209023D8008995D7 /* PBXTargetDependency */,
			);
			name = CurrencyTextDemoTests;
			productName = UICurrencyTextFieldDemoTests;
			productReference = D54170EA209023D8008995D7 /* CurrencyTextDemoTests.xctest */;
			productType = "com.apple.product-type.bundle.unit-test";
		};
/* End PBXNativeTarget section */

/* Begin PBXProject section */
		D54170CE209023D5008995D7 /* Project object */ = {
			isa = PBXProject;
			attributes = {
				LastSwiftUpdateCheck = 0930;
				LastUpgradeCheck = 0930;
				ORGANIZATIONNAME = "Felipe Lefèvre Marino";
				TargetAttributes = {
					D54170D5209023D5008995D7 = {
						CreatedOnToolsVersion = 9.3;
					};
					D54170E9209023D8008995D7 = {
						CreatedOnToolsVersion = 9.3;
						LastSwiftMigration = 0930;
						TestTargetID = D54170D5209023D5008995D7;
					};
				};
			};
			buildConfigurationList = D54170D1209023D5008995D7 /* Build configuration list for PBXProject "CurrencyText" */;
			compatibilityVersion = "Xcode 9.3";
			developmentRegion = en;
			hasScannedForEncodings = 0;
			knownRegions = (
				en,
				Base,
			);
			mainGroup = D54170CD209023D5008995D7;
			productRefGroup = D54170D7209023D5008995D7 /* Products */;
			projectDirPath = "";
			projectRoot = "";
			targets = (
				D54170D5209023D5008995D7 /* CurrencyTextDemo */,
				D54170E9209023D8008995D7 /* CurrencyTextDemoTests */,
			);
		};
/* End PBXProject section */

/* Begin PBXResourcesBuildPhase section */
		D54170D4209023D5008995D7 /* Resources */ = {
			isa = PBXResourcesBuildPhase;
			buildActionMask = 2147483647;
			files = (
				D54170E4209023D7008995D7 /* LaunchScreen.storyboard in Resources */,
				D54170E1209023D7008995D7 /* Assets.xcassets in Resources */,
				D54170DF209023D5008995D7 /* Main.storyboard in Resources */,
			);
			runOnlyForDeploymentPostprocessing = 0;
		};
		D54170E8209023D8008995D7 /* Resources */ = {
			isa = PBXResourcesBuildPhase;
			buildActionMask = 2147483647;
			files = (
			);
			runOnlyForDeploymentPostprocessing = 0;
		};
/* End PBXResourcesBuildPhase section */

/* Begin PBXShellScriptBuildPhase section */
		191B0EEC670DDD8B2D0E4422 /* [CP] Embed Pods Frameworks */ = {
			isa = PBXShellScriptBuildPhase;
			buildActionMask = 2147483647;
			files = (
			);
			inputFileListPaths = (
			);
			inputPaths = (
				"${SRCROOT}/Pods/Target Support Files/Pods-CurrencyTextDemo/Pods-CurrencyTextDemo-frameworks.sh",
				"${BUILT_PRODUCTS_DIR}/CurrencyText/CurrencyText.framework",
			);
			name = "[CP] Embed Pods Frameworks";
			outputFileListPaths = (
			);
			outputPaths = (
				"${TARGET_BUILD_DIR}/${FRAMEWORKS_FOLDER_PATH}/CurrencyText.framework",
			);
			runOnlyForDeploymentPostprocessing = 0;
			shellPath = /bin/sh;
			shellScript = "\"${SRCROOT}/Pods/Target Support Files/Pods-CurrencyTextDemo/Pods-CurrencyTextDemo-frameworks.sh\"\n";
			showEnvVarsInLog = 0;
		};
		65905C8D491C77806121AF87 /* [CP] Check Pods Manifest.lock */ = {
			isa = PBXShellScriptBuildPhase;
			buildActionMask = 2147483647;
			files = (
			);
			inputPaths = (
				"${PODS_PODFILE_DIR_PATH}/Podfile.lock",
				"${PODS_ROOT}/Manifest.lock",
			);
			name = "[CP] Check Pods Manifest.lock";
			outputPaths = (
				"$(DERIVED_FILE_DIR)/Pods-CurrencyTextDemoTests-checkManifestLockResult.txt",
			);
			runOnlyForDeploymentPostprocessing = 0;
			shellPath = /bin/sh;
			shellScript = "diff \"${PODS_PODFILE_DIR_PATH}/Podfile.lock\" \"${PODS_ROOT}/Manifest.lock\" > /dev/null\nif [ $? != 0 ] ; then\n    # print error to STDERR\n    echo \"error: The sandbox is not in sync with the Podfile.lock. Run 'pod install' or update your CocoaPods installation.\" >&2\n    exit 1\nfi\n# This output is used by Xcode 'outputs' to avoid re-running this script phase.\necho \"SUCCESS\" > \"${SCRIPT_OUTPUT_FILE_0}\"\n";
			showEnvVarsInLog = 0;
		};
		AB55B4C7ED276D63C647F315 /* [CP] Check Pods Manifest.lock */ = {
			isa = PBXShellScriptBuildPhase;
			buildActionMask = 2147483647;
			files = (
			);
			inputPaths = (
				"${PODS_PODFILE_DIR_PATH}/Podfile.lock",
				"${PODS_ROOT}/Manifest.lock",
			);
			name = "[CP] Check Pods Manifest.lock";
			outputPaths = (
				"$(DERIVED_FILE_DIR)/Pods-CurrencyTextDemo-checkManifestLockResult.txt",
			);
			runOnlyForDeploymentPostprocessing = 0;
			shellPath = /bin/sh;
			shellScript = "diff \"${PODS_PODFILE_DIR_PATH}/Podfile.lock\" \"${PODS_ROOT}/Manifest.lock\" > /dev/null\nif [ $? != 0 ] ; then\n    # print error to STDERR\n    echo \"error: The sandbox is not in sync with the Podfile.lock. Run 'pod install' or update your CocoaPods installation.\" >&2\n    exit 1\nfi\n# This output is used by Xcode 'outputs' to avoid re-running this script phase.\necho \"SUCCESS\" > \"${SCRIPT_OUTPUT_FILE_0}\"\n";
			showEnvVarsInLog = 0;
		};
/* End PBXShellScriptBuildPhase section */

/* Begin PBXSourcesBuildPhase section */
		D54170D2209023D5008995D7 /* Sources */ = {
			isa = PBXSourcesBuildPhase;
			buildActionMask = 2147483647;
			files = (
				D54170DC209023D5008995D7 /* ViewController.swift in Sources */,
				D54170DA209023D5008995D7 /* AppDelegate.swift in Sources */,
			);
			runOnlyForDeploymentPostprocessing = 0;
		};
		D54170E6209023D8008995D7 /* Sources */ = {
			isa = PBXSourcesBuildPhase;
			buildActionMask = 2147483647;
			files = (
				D541710A20902501008995D7 /* StringTests.swift in Sources */,
				D54A412621D73FA500281AD2 /* UITextField.swift in Sources */,
				D54A412421D582CE00281AD2 /* NumberFormatterTests.swift in Sources */,
				D54A412221D582C100281AD2 /* UITextFieldTests.swift in Sources */,
				D541710920902501008995D7 /* CurrencyTextFieldDelegateTests.swift in Sources */,
				D56D7C242211D4830032F684 /* CurrencyFormatterTests.swift in Sources */,
			);
			runOnlyForDeploymentPostprocessing = 0;
		};
/* End PBXSourcesBuildPhase section */

/* Begin PBXTargetDependency section */
		D54170EC209023D8008995D7 /* PBXTargetDependency */ = {
			isa = PBXTargetDependency;
			target = D54170D5209023D5008995D7 /* CurrencyTextDemo */;
			targetProxy = D54170EB209023D8008995D7 /* PBXContainerItemProxy */;
		};
/* End PBXTargetDependency section */

/* Begin PBXVariantGroup section */
		D54170DD209023D5008995D7 /* Main.storyboard */ = {
			isa = PBXVariantGroup;
			children = (
				D54170DE209023D5008995D7 /* Base */,
			);
			name = Main.storyboard;
			sourceTree = "<group>";
		};
		D54170E2209023D7008995D7 /* LaunchScreen.storyboard */ = {
			isa = PBXVariantGroup;
			children = (
				D54170E3209023D7008995D7 /* Base */,
			);
			name = LaunchScreen.storyboard;
			sourceTree = "<group>";
		};
/* End PBXVariantGroup section */

/* Begin XCBuildConfiguration section */
		D54170FC209023D8008995D7 /* Debug */ = {
			isa = XCBuildConfiguration;
			buildSettings = {
				ALWAYS_SEARCH_USER_PATHS = NO;
				CLANG_ANALYZER_NONNULL = YES;
				CLANG_ANALYZER_NUMBER_OBJECT_CONVERSION = YES_AGGRESSIVE;
				CLANG_CXX_LANGUAGE_STANDARD = "gnu++14";
				CLANG_CXX_LIBRARY = "libc++";
				CLANG_ENABLE_MODULES = YES;
				CLANG_ENABLE_OBJC_ARC = YES;
				CLANG_ENABLE_OBJC_WEAK = YES;
				CLANG_WARN_BLOCK_CAPTURE_AUTORELEASING = YES;
				CLANG_WARN_BOOL_CONVERSION = YES;
				CLANG_WARN_COMMA = YES;
				CLANG_WARN_CONSTANT_CONVERSION = YES;
				CLANG_WARN_DEPRECATED_OBJC_IMPLEMENTATIONS = YES;
				CLANG_WARN_DIRECT_OBJC_ISA_USAGE = YES_ERROR;
				CLANG_WARN_DOCUMENTATION_COMMENTS = YES;
				CLANG_WARN_EMPTY_BODY = YES;
				CLANG_WARN_ENUM_CONVERSION = YES;
				CLANG_WARN_INFINITE_RECURSION = YES;
				CLANG_WARN_INT_CONVERSION = YES;
				CLANG_WARN_NON_LITERAL_NULL_CONVERSION = YES;
				CLANG_WARN_OBJC_IMPLICIT_RETAIN_SELF = YES;
				CLANG_WARN_OBJC_LITERAL_CONVERSION = YES;
				CLANG_WARN_OBJC_ROOT_CLASS = YES_ERROR;
				CLANG_WARN_RANGE_LOOP_ANALYSIS = YES;
				CLANG_WARN_STRICT_PROTOTYPES = YES;
				CLANG_WARN_SUSPICIOUS_MOVE = YES;
				CLANG_WARN_UNGUARDED_AVAILABILITY = YES_AGGRESSIVE;
				CLANG_WARN_UNREACHABLE_CODE = YES;
				CLANG_WARN__DUPLICATE_METHOD_MATCH = YES;
				CODE_SIGN_IDENTITY = "iPhone Developer";
				COPY_PHASE_STRIP = NO;
				DEBUG_INFORMATION_FORMAT = dwarf;
				ENABLE_STRICT_OBJC_MSGSEND = YES;
				ENABLE_TESTABILITY = YES;
				GCC_C_LANGUAGE_STANDARD = gnu11;
				GCC_DYNAMIC_NO_PIC = NO;
				GCC_NO_COMMON_BLOCKS = YES;
				GCC_OPTIMIZATION_LEVEL = 0;
				GCC_PREPROCESSOR_DEFINITIONS = (
					"DEBUG=1",
					"$(inherited)",
				);
				GCC_WARN_64_TO_32_BIT_CONVERSION = YES;
				GCC_WARN_ABOUT_RETURN_TYPE = YES_ERROR;
				GCC_WARN_UNDECLARED_SELECTOR = YES;
				GCC_WARN_UNINITIALIZED_AUTOS = YES_AGGRESSIVE;
				GCC_WARN_UNUSED_FUNCTION = YES;
				GCC_WARN_UNUSED_VARIABLE = YES;
				IPHONEOS_DEPLOYMENT_TARGET = 8.0;
				MTL_ENABLE_DEBUG_INFO = YES;
				ONLY_ACTIVE_ARCH = YES;
				SDKROOT = iphoneos;
				SWIFT_ACTIVE_COMPILATION_CONDITIONS = DEBUG;
				SWIFT_OPTIMIZATION_LEVEL = "-Onone";
				SWIFT_VERSION = 4.2;
			};
			name = Debug;
		};
		D54170FD209023D8008995D7 /* Release */ = {
			isa = XCBuildConfiguration;
			buildSettings = {
				ALWAYS_SEARCH_USER_PATHS = NO;
				CLANG_ANALYZER_NONNULL = YES;
				CLANG_ANALYZER_NUMBER_OBJECT_CONVERSION = YES_AGGRESSIVE;
				CLANG_CXX_LANGUAGE_STANDARD = "gnu++14";
				CLANG_CXX_LIBRARY = "libc++";
				CLANG_ENABLE_MODULES = YES;
				CLANG_ENABLE_OBJC_ARC = YES;
				CLANG_ENABLE_OBJC_WEAK = YES;
				CLANG_WARN_BLOCK_CAPTURE_AUTORELEASING = YES;
				CLANG_WARN_BOOL_CONVERSION = YES;
				CLANG_WARN_COMMA = YES;
				CLANG_WARN_CONSTANT_CONVERSION = YES;
				CLANG_WARN_DEPRECATED_OBJC_IMPLEMENTATIONS = YES;
				CLANG_WARN_DIRECT_OBJC_ISA_USAGE = YES_ERROR;
				CLANG_WARN_DOCUMENTATION_COMMENTS = YES;
				CLANG_WARN_EMPTY_BODY = YES;
				CLANG_WARN_ENUM_CONVERSION = YES;
				CLANG_WARN_INFINITE_RECURSION = YES;
				CLANG_WARN_INT_CONVERSION = YES;
				CLANG_WARN_NON_LITERAL_NULL_CONVERSION = YES;
				CLANG_WARN_OBJC_IMPLICIT_RETAIN_SELF = YES;
				CLANG_WARN_OBJC_LITERAL_CONVERSION = YES;
				CLANG_WARN_OBJC_ROOT_CLASS = YES_ERROR;
				CLANG_WARN_RANGE_LOOP_ANALYSIS = YES;
				CLANG_WARN_STRICT_PROTOTYPES = YES;
				CLANG_WARN_SUSPICIOUS_MOVE = YES;
				CLANG_WARN_UNGUARDED_AVAILABILITY = YES_AGGRESSIVE;
				CLANG_WARN_UNREACHABLE_CODE = YES;
				CLANG_WARN__DUPLICATE_METHOD_MATCH = YES;
				CODE_SIGN_IDENTITY = "iPhone Developer";
				COPY_PHASE_STRIP = NO;
				DEBUG_INFORMATION_FORMAT = "dwarf-with-dsym";
				ENABLE_NS_ASSERTIONS = NO;
				ENABLE_STRICT_OBJC_MSGSEND = YES;
				GCC_C_LANGUAGE_STANDARD = gnu11;
				GCC_NO_COMMON_BLOCKS = YES;
				GCC_WARN_64_TO_32_BIT_CONVERSION = YES;
				GCC_WARN_ABOUT_RETURN_TYPE = YES_ERROR;
				GCC_WARN_UNDECLARED_SELECTOR = YES;
				GCC_WARN_UNINITIALIZED_AUTOS = YES_AGGRESSIVE;
				GCC_WARN_UNUSED_FUNCTION = YES;
				GCC_WARN_UNUSED_VARIABLE = YES;
				IPHONEOS_DEPLOYMENT_TARGET = 8.0;
				MTL_ENABLE_DEBUG_INFO = NO;
				SDKROOT = iphoneos;
				SWIFT_COMPILATION_MODE = wholemodule;
				SWIFT_OPTIMIZATION_LEVEL = "-O";
				SWIFT_VERSION = 4.2;
				VALIDATE_PRODUCT = YES;
			};
			name = Release;
		};
		D54170FF209023D8008995D7 /* Debug */ = {
			isa = XCBuildConfiguration;
			baseConfigurationReference = 25C73D36F34550D5020DE9FC /* Pods-CurrencyTextDemo.debug.xcconfig */;
			buildSettings = {
				ASSETCATALOG_COMPILER_APPICON_NAME = AppIcon;
				CODE_SIGN_STYLE = Automatic;
				DEVELOPMENT_TEAM = X9MK4PBNUW;
				INFOPLIST_FILE = CurrencyTextDemo/Info.plist;
				IPHONEOS_DEPLOYMENT_TARGET = 8.0;
				LD_RUNPATH_SEARCH_PATHS = (
					"$(inherited)",
					"@executable_path/Frameworks",
				);
				PRODUCT_BUNDLE_IDENTIFIER = com.felipemarino.CurrencyTextDemo;
				PRODUCT_NAME = "$(TARGET_NAME)";
				SWIFT_VERSION = 4.2;
				TARGETED_DEVICE_FAMILY = "1,2";
			};
			name = Debug;
		};
		D5417100209023D8008995D7 /* Release */ = {
			isa = XCBuildConfiguration;
			baseConfigurationReference = 62FD8EA3D728967DE0E14BF2 /* Pods-CurrencyTextDemo.release.xcconfig */;
			buildSettings = {
				ASSETCATALOG_COMPILER_APPICON_NAME = AppIcon;
				CODE_SIGN_STYLE = Automatic;
				DEVELOPMENT_TEAM = X9MK4PBNUW;
				INFOPLIST_FILE = CurrencyTextDemo/Info.plist;
				IPHONEOS_DEPLOYMENT_TARGET = 8.0;
				LD_RUNPATH_SEARCH_PATHS = (
					"$(inherited)",
					"@executable_path/Frameworks",
				);
				PRODUCT_BUNDLE_IDENTIFIER = com.felipemarino.CurrencyTextDemo;
				PRODUCT_NAME = "$(TARGET_NAME)";
				SWIFT_VERSION = 4.2;
				TARGETED_DEVICE_FAMILY = "1,2";
			};
			name = Release;
		};
		D5417102209023D8008995D7 /* Debug */ = {
			isa = XCBuildConfiguration;
			baseConfigurationReference = 667F9E75F23304777B3C8F18 /* Pods-CurrencyTextDemoTests.debug.xcconfig */;
			buildSettings = {
				ALWAYS_EMBED_SWIFT_STANDARD_LIBRARIES = YES;
				CLANG_ENABLE_MODULES = YES;
				CODE_SIGN_STYLE = Automatic;
				DEVELOPMENT_TEAM = X9MK4PBNUW;
				INFOPLIST_FILE = CurrencyTextDemoTests/Info.plist;
				LD_RUNPATH_SEARCH_PATHS = (
					"$(inherited)",
					"@executable_path/Frameworks",
					"@loader_path/Frameworks",
				);
				PRODUCT_BUNDLE_IDENTIFIER = com.felipemarino.CurrencyTextDemoTests;
				PRODUCT_NAME = "$(TARGET_NAME)";
				SWIFT_OPTIMIZATION_LEVEL = "-Onone";
				SWIFT_VERSION = 4.2;
				TARGETED_DEVICE_FAMILY = "1,2";
				TEST_HOST = "$(BUILT_PRODUCTS_DIR)/CurrencyTextDemo.app/CurrencyTextDemo";
			};
			name = Debug;
		};
		D5417103209023D8008995D7 /* Release */ = {
			isa = XCBuildConfiguration;
			baseConfigurationReference = C0A1E792CE0221D9555FCDCF /* Pods-CurrencyTextDemoTests.release.xcconfig */;
			buildSettings = {
				ALWAYS_EMBED_SWIFT_STANDARD_LIBRARIES = YES;
				CLANG_ENABLE_MODULES = YES;
				CODE_SIGN_STYLE = Automatic;
				DEVELOPMENT_TEAM = X9MK4PBNUW;
				INFOPLIST_FILE = CurrencyTextDemoTests/Info.plist;
				LD_RUNPATH_SEARCH_PATHS = (
					"$(inherited)",
					"@executable_path/Frameworks",
					"@loader_path/Frameworks",
				);
				PRODUCT_BUNDLE_IDENTIFIER = com.felipemarino.CurrencyTextDemoTests;
				PRODUCT_NAME = "$(TARGET_NAME)";
				SWIFT_VERSION = 4.2;
				TARGETED_DEVICE_FAMILY = "1,2";
				TEST_HOST = "$(BUILT_PRODUCTS_DIR)/CurrencyTextDemo.app/CurrencyTextDemo";
			};
			name = Release;
		};
/* End XCBuildConfiguration section */

/* Begin XCConfigurationList section */
		D54170D1209023D5008995D7 /* Build configuration list for PBXProject "CurrencyText" */ = {
			isa = XCConfigurationList;
			buildConfigurations = (
				D54170FC209023D8008995D7 /* Debug */,
				D54170FD209023D8008995D7 /* Release */,
			);
			defaultConfigurationIsVisible = 0;
			defaultConfigurationName = Release;
		};
		D54170FE209023D8008995D7 /* Build configuration list for PBXNativeTarget "CurrencyTextDemo" */ = {
			isa = XCConfigurationList;
			buildConfigurations = (
				D54170FF209023D8008995D7 /* Debug */,
				D5417100209023D8008995D7 /* Release */,
			);
			defaultConfigurationIsVisible = 0;
			defaultConfigurationName = Release;
		};
		D5417101209023D8008995D7 /* Build configuration list for PBXNativeTarget "CurrencyTextDemoTests" */ = {
			isa = XCConfigurationList;
			buildConfigurations = (
				D5417102209023D8008995D7 /* Debug */,
				D5417103209023D8008995D7 /* Release */,
			);
			defaultConfigurationIsVisible = 0;
			defaultConfigurationName = Release;
		};
/* End XCConfigurationList section */
	};
	rootObject = D54170CE209023D5008995D7 /* Project object */;
}
